// !$*UTF8*$!
{
	archiveVersion = 1;
	classes = {
	};
	objectVersion = 50;
	objects = {

/* Begin PBXBuildFile section */
		5739706B20FCDBCC00E4C1B9 /* URLSettings.swift in Sources */ = {isa = PBXBuildFile; fileRef = 5739706A20FCDBCC00E4C1B9 /* URLSettings.swift */; };
		5739706D20FCDD9C00E4C1B9 /* Person.swift in Sources */ = {isa = PBXBuildFile; fileRef = 5739706C20FCDD9C00E4C1B9 /* Person.swift */; };
		5739706F20FCDDE700E4C1B9 /* PersonStubbedJSON.swift in Sources */ = {isa = PBXBuildFile; fileRef = 5739706E20FCDDE700E4C1B9 /* PersonStubbedJSON.swift */; };
		5739707220FCE0E900E4C1B9 /* Person.swift in Sources */ = {isa = PBXBuildFile; fileRef = 5739706C20FCDD9C00E4C1B9 /* Person.swift */; };
		5739707420FCEA1300E4C1B9 /* PersonCell.swift in Sources */ = {isa = PBXBuildFile; fileRef = 5739707320FCEA1300E4C1B9 /* PersonCell.swift */; };
		5739707620FD200700E4C1B9 /* PersonRepository.swift in Sources */ = {isa = PBXBuildFile; fileRef = 5739707520FD200700E4C1B9 /* PersonRepository.swift */; };
		5739707720FD246A00E4C1B9 /* PersonStubbedJSON.swift in Sources */ = {isa = PBXBuildFile; fileRef = 5739706E20FCDDE700E4C1B9 /* PersonStubbedJSON.swift */; };
		5739707B20FD362300E4C1B9 /* Swifter.framework in Frameworks */ = {isa = PBXBuildFile; fileRef = 57F4B15A20F93D3700AC53F7 /* Swifter.framework */; };
		5783535E20FE459500483AC4 /* DynamicStubs.swift in Sources */ = {isa = PBXBuildFile; fileRef = 5783535D20FE459500483AC4 /* DynamicStubs.swift */; };
		5783535F20FE459500483AC4 /* DynamicStubs.swift in Sources */ = {isa = PBXBuildFile; fileRef = 5783535D20FE459500483AC4 /* DynamicStubs.swift */; };
		5783536120FE46F900483AC4 /* ViewControllerTests.swift in Sources */ = {isa = PBXBuildFile; fileRef = 5783536020FE46F900483AC4 /* ViewControllerTests.swift */; };
		5783536220FE478400483AC4 /* PersonStubbedJSON.swift in Sources */ = {isa = PBXBuildFile; fileRef = 5739706E20FCDDE700E4C1B9 /* PersonStubbedJSON.swift */; };
		57DA47A120FD8B830016E679 /* PersonFromJsonTest.swift in Sources */ = {isa = PBXBuildFile; fileRef = 5739707020FCDFFA00E4C1B9 /* PersonFromJsonTest.swift */; };
		57F4B12C20F93BEC00AC53F7 /* AppDelegate.swift in Sources */ = {isa = PBXBuildFile; fileRef = 57F4B12B20F93BEC00AC53F7 /* AppDelegate.swift */; };
		57F4B12E20F93BEC00AC53F7 /* ViewController.swift in Sources */ = {isa = PBXBuildFile; fileRef = 57F4B12D20F93BEC00AC53F7 /* ViewController.swift */; };
		57F4B13120F93BEC00AC53F7 /* Main.storyboard in Resources */ = {isa = PBXBuildFile; fileRef = 57F4B12F20F93BEC00AC53F7 /* Main.storyboard */; };
		57F4B13320F93BEF00AC53F7 /* Assets.xcassets in Resources */ = {isa = PBXBuildFile; fileRef = 57F4B13220F93BEF00AC53F7 /* Assets.xcassets */; };
		57F4B13620F93BEF00AC53F7 /* LaunchScreen.storyboard in Resources */ = {isa = PBXBuildFile; fileRef = 57F4B13420F93BEF00AC53F7 /* LaunchScreen.storyboard */; };
		57F4B15B20F93D3700AC53F7 /* Swifter.framework in Frameworks */ = {isa = PBXBuildFile; fileRef = 57F4B15A20F93D3700AC53F7 /* Swifter.framework */; };
/* End PBXBuildFile section */

/* Begin PBXContainerItemProxy section */
		57F4B13D20F93BEF00AC53F7 /* PBXContainerItemProxy */ = {
			isa = PBXContainerItemProxy;
			containerPortal = 57F4B12020F93BEC00AC53F7 /* Project object */;
			proxyType = 1;
			remoteGlobalIDString = 57F4B12720F93BEC00AC53F7;
			remoteInfo = Swifter;
		};
		57F4B14820F93BEF00AC53F7 /* PBXContainerItemProxy */ = {
			isa = PBXContainerItemProxy;
			containerPortal = 57F4B12020F93BEC00AC53F7 /* Project object */;
			proxyType = 1;
			remoteGlobalIDString = 57F4B12720F93BEC00AC53F7;
			remoteInfo = Swifter;
		};
/* End PBXContainerItemProxy section */

/* Begin PBXFileReference section */
		5739706A20FCDBCC00E4C1B9 /* URLSettings.swift */ = {isa = PBXFileReference; lastKnownFileType = sourcecode.swift; path = URLSettings.swift; sourceTree = "<group>"; };
		5739706C20FCDD9C00E4C1B9 /* Person.swift */ = {isa = PBXFileReference; lastKnownFileType = sourcecode.swift; path = Person.swift; sourceTree = "<group>"; };
		5739706E20FCDDE700E4C1B9 /* PersonStubbedJSON.swift */ = {isa = PBXFileReference; lastKnownFileType = sourcecode.swift; path = PersonStubbedJSON.swift; sourceTree = "<group>"; };
		5739707020FCDFFA00E4C1B9 /* PersonFromJsonTest.swift */ = {isa = PBXFileReference; lastKnownFileType = sourcecode.swift; path = PersonFromJsonTest.swift; sourceTree = "<group>"; };
		5739707320FCEA1300E4C1B9 /* PersonCell.swift */ = {isa = PBXFileReference; lastKnownFileType = sourcecode.swift; path = PersonCell.swift; sourceTree = "<group>"; };
		5739707520FD200700E4C1B9 /* PersonRepository.swift */ = {isa = PBXFileReference; lastKnownFileType = sourcecode.swift; path = PersonRepository.swift; sourceTree = "<group>"; };
		5783535D20FE459500483AC4 /* DynamicStubs.swift */ = {isa = PBXFileReference; lastKnownFileType = sourcecode.swift; path = DynamicStubs.swift; sourceTree = "<group>"; };
		5783536020FE46F900483AC4 /* ViewControllerTests.swift */ = {isa = PBXFileReference; lastKnownFileType = sourcecode.swift; path = ViewControllerTests.swift; sourceTree = "<group>"; };
		57F4B12820F93BEC00AC53F7 /* Swifter-Example.app */ = {isa = PBXFileReference; explicitFileType = wrapper.application; includeInIndex = 0; path = "Swifter-Example.app"; sourceTree = BUILT_PRODUCTS_DIR; };
		57F4B12B20F93BEC00AC53F7 /* AppDelegate.swift */ = {isa = PBXFileReference; lastKnownFileType = sourcecode.swift; path = AppDelegate.swift; sourceTree = "<group>"; };
		57F4B12D20F93BEC00AC53F7 /* ViewController.swift */ = {isa = PBXFileReference; lastKnownFileType = sourcecode.swift; path = ViewController.swift; sourceTree = "<group>"; };
		57F4B13020F93BEC00AC53F7 /* Base */ = {isa = PBXFileReference; lastKnownFileType = file.storyboard; name = Base; path = Base.lproj/Main.storyboard; sourceTree = "<group>"; };
		57F4B13220F93BEF00AC53F7 /* Assets.xcassets */ = {isa = PBXFileReference; lastKnownFileType = folder.assetcatalog; path = Assets.xcassets; sourceTree = "<group>"; };
		57F4B13520F93BEF00AC53F7 /* Base */ = {isa = PBXFileReference; lastKnownFileType = file.storyboard; name = Base; path = Base.lproj/LaunchScreen.storyboard; sourceTree = "<group>"; };
		57F4B13720F93BEF00AC53F7 /* Info.plist */ = {isa = PBXFileReference; lastKnownFileType = text.plist.xml; path = Info.plist; sourceTree = "<group>"; };
		57F4B13C20F93BEF00AC53F7 /* Swifter-ExampleTests.xctest */ = {isa = PBXFileReference; explicitFileType = wrapper.cfbundle; includeInIndex = 0; path = "Swifter-ExampleTests.xctest"; sourceTree = BUILT_PRODUCTS_DIR; };
		57F4B14220F93BEF00AC53F7 /* Info.plist */ = {isa = PBXFileReference; lastKnownFileType = text.plist.xml; path = Info.plist; sourceTree = "<group>"; };
		57F4B14720F93BEF00AC53F7 /* Swifter-ExampleUITests.xctest */ = {isa = PBXFileReference; explicitFileType = wrapper.cfbundle; includeInIndex = 0; path = "Swifter-ExampleUITests.xctest"; sourceTree = BUILT_PRODUCTS_DIR; };
		57F4B14D20F93BEF00AC53F7 /* Info.plist */ = {isa = PBXFileReference; lastKnownFileType = text.plist.xml; path = Info.plist; sourceTree = "<group>"; };
		57F4B15A20F93D3700AC53F7 /* Swifter.framework */ = {isa = PBXFileReference; lastKnownFileType = wrapper.framework; name = Swifter.framework; path = Carthage/Build/iOS/Swifter.framework; sourceTree = "<group>"; };
/* End PBXFileReference section */

/* Begin PBXFrameworksBuildPhase section */
		57F4B12520F93BEC00AC53F7 /* Frameworks */ = {
			isa = PBXFrameworksBuildPhase;
			buildActionMask = 2147483647;
			files = (
				57F4B15B20F93D3700AC53F7 /* Swifter.framework in Frameworks */,
			);
			runOnlyForDeploymentPostprocessing = 0;
		};
		57F4B13920F93BEF00AC53F7 /* Frameworks */ = {
			isa = PBXFrameworksBuildPhase;
			buildActionMask = 2147483647;
			files = (
			);
			runOnlyForDeploymentPostprocessing = 0;
		};
		57F4B14420F93BEF00AC53F7 /* Frameworks */ = {
			isa = PBXFrameworksBuildPhase;
			buildActionMask = 2147483647;
			files = (
				5739707B20FD362300E4C1B9 /* Swifter.framework in Frameworks */,
			);
			runOnlyForDeploymentPostprocessing = 0;
		};
/* End PBXFrameworksBuildPhase section */

/* Begin PBXGroup section */
		57F4B11F20F93BEC00AC53F7 = {
			isa = PBXGroup;
			children = (
				57F4B12A20F93BEC00AC53F7 /* Swifter-Example */,
				57F4B13F20F93BEF00AC53F7 /* Swifter-ExampleTests */,
				57F4B14A20F93BEF00AC53F7 /* Swifter-ExampleUITests */,
				57F4B12920F93BEC00AC53F7 /* Products */,
				57F4B15920F93D3700AC53F7 /* Frameworks */,
			);
			sourceTree = "<group>";
		};
		57F4B12920F93BEC00AC53F7 /* Products */ = {
			isa = PBXGroup;
			children = (
				57F4B12820F93BEC00AC53F7 /* Swifter-Example.app */,
				57F4B13C20F93BEF00AC53F7 /* Swifter-ExampleTests.xctest */,
				57F4B14720F93BEF00AC53F7 /* Swifter-ExampleUITests.xctest */,
			);
			name = Products;
			sourceTree = "<group>";
		};
		57F4B12A20F93BEC00AC53F7 /* Swifter-Example */ = {
			isa = PBXGroup;
			children = (
				57F4B12B20F93BEC00AC53F7 /* AppDelegate.swift */,
				57F4B12D20F93BEC00AC53F7 /* ViewController.swift */,
				5739707520FD200700E4C1B9 /* PersonRepository.swift */,
				5739706A20FCDBCC00E4C1B9 /* URLSettings.swift */,
				5739706C20FCDD9C00E4C1B9 /* Person.swift */,
				57F4B12F20F93BEC00AC53F7 /* Main.storyboard */,
				5739707320FCEA1300E4C1B9 /* PersonCell.swift */,
				57F4B13220F93BEF00AC53F7 /* Assets.xcassets */,
				57F4B13420F93BEF00AC53F7 /* LaunchScreen.storyboard */,
				57F4B13720F93BEF00AC53F7 /* Info.plist */,
			);
			path = "Swifter-Example";
			sourceTree = "<group>";
		};
		57F4B13F20F93BEF00AC53F7 /* Swifter-ExampleTests */ = {
			isa = PBXGroup;
			children = (
				5739707020FCDFFA00E4C1B9 /* PersonFromJsonTest.swift */,
				5739706E20FCDDE700E4C1B9 /* PersonStubbedJSON.swift */,
				57F4B14220F93BEF00AC53F7 /* Info.plist */,
			);
			path = "Swifter-ExampleTests";
			sourceTree = "<group>";
		};
		57F4B14A20F93BEF00AC53F7 /* Swifter-ExampleUITests */ = {
			isa = PBXGroup;
			children = (
				57F4B14D20F93BEF00AC53F7 /* Info.plist */,
				5783535D20FE459500483AC4 /* DynamicStubs.swift */,
				5783536020FE46F900483AC4 /* ViewControllerTests.swift */,
			);
			path = "Swifter-ExampleUITests";
			sourceTree = "<group>";
		};
		57F4B15920F93D3700AC53F7 /* Frameworks */ = {
			isa = PBXGroup;
			children = (
				57F4B15A20F93D3700AC53F7 /* Swifter.framework */,
			);
			name = Frameworks;
			sourceTree = "<group>";
		};
/* End PBXGroup section */

/* Begin PBXNativeTarget section */
		57F4B12720F93BEC00AC53F7 /* Swifter-Example */ = {
			isa = PBXNativeTarget;
			buildConfigurationList = 57F4B15020F93BEF00AC53F7 /* Build configuration list for PBXNativeTarget "Swifter-Example" */;
			buildPhases = (
				57F4B12420F93BEC00AC53F7 /* Sources */,
				57F4B12520F93BEC00AC53F7 /* Frameworks */,
				57F4B12620F93BEC00AC53F7 /* Resources */,
				57F4B15C20F93DA200AC53F7 /* Carthage Run Script */,
			);
			buildRules = (
			);
			dependencies = (
			);
			name = "Swifter-Example";
			productName = Swifter;
			productReference = 57F4B12820F93BEC00AC53F7 /* Swifter-Example.app */;
			productType = "com.apple.product-type.application";
		};
		57F4B13B20F93BEF00AC53F7 /* Swifter-ExampleTests */ = {
			isa = PBXNativeTarget;
			buildConfigurationList = 57F4B15320F93BEF00AC53F7 /* Build configuration list for PBXNativeTarget "Swifter-ExampleTests" */;
			buildPhases = (
				57F4B13820F93BEF00AC53F7 /* Sources */,
				57F4B13920F93BEF00AC53F7 /* Frameworks */,
				57F4B13A20F93BEF00AC53F7 /* Resources */,
			);
			buildRules = (
			);
			dependencies = (
				57F4B13E20F93BEF00AC53F7 /* PBXTargetDependency */,
			);
			name = "Swifter-ExampleTests";
			productName = SwifterTests;
			productReference = 57F4B13C20F93BEF00AC53F7 /* Swifter-ExampleTests.xctest */;
			productType = "com.apple.product-type.bundle.unit-test";
		};
		57F4B14620F93BEF00AC53F7 /* Swifter-ExampleUITests */ = {
			isa = PBXNativeTarget;
			buildConfigurationList = 57F4B15620F93BEF00AC53F7 /* Build configuration list for PBXNativeTarget "Swifter-ExampleUITests" */;
			buildPhases = (
				57F4B14320F93BEF00AC53F7 /* Sources */,
				57F4B14420F93BEF00AC53F7 /* Frameworks */,
				57F4B14520F93BEF00AC53F7 /* Resources */,
				5739707A20FD35C000E4C1B9 /* Carthage Run Script */,
			);
			buildRules = (
			);
			dependencies = (
				57F4B14920F93BEF00AC53F7 /* PBXTargetDependency */,
			);
			name = "Swifter-ExampleUITests";
			productName = SwifterUITests;
			productReference = 57F4B14720F93BEF00AC53F7 /* Swifter-ExampleUITests.xctest */;
			productType = "com.apple.product-type.bundle.ui-testing";
		};
/* End PBXNativeTarget section */

/* Begin PBXProject section */
		57F4B12020F93BEC00AC53F7 /* Project object */ = {
			isa = PBXProject;
			attributes = {
				LastSwiftUpdateCheck = 0940;
				LastUpgradeCheck = 0940;
				ORGANIZATIONNAME = "Collective Idea";
				TargetAttributes = {
					57F4B12720F93BEC00AC53F7 = {
						CreatedOnToolsVersion = 9.4.1;
					};
					57F4B13B20F93BEF00AC53F7 = {
						CreatedOnToolsVersion = 9.4.1;
						TestTargetID = 57F4B12720F93BEC00AC53F7;
					};
					57F4B14620F93BEF00AC53F7 = {
						CreatedOnToolsVersion = 9.4.1;
						LastSwiftMigration = 0940;
						TestTargetID = 57F4B12720F93BEC00AC53F7;
					};
				};
			};
			buildConfigurationList = 57F4B12320F93BEC00AC53F7 /* Build configuration list for PBXProject "Swifter-Example" */;
			compatibilityVersion = "Xcode 9.3";
			developmentRegion = en;
			hasScannedForEncodings = 0;
			knownRegions = (
				en,
				Base,
			);
			mainGroup = 57F4B11F20F93BEC00AC53F7;
			productRefGroup = 57F4B12920F93BEC00AC53F7 /* Products */;
			projectDirPath = "";
			projectRoot = "";
			targets = (
				57F4B12720F93BEC00AC53F7 /* Swifter-Example */,
				57F4B13B20F93BEF00AC53F7 /* Swifter-ExampleTests */,
				57F4B14620F93BEF00AC53F7 /* Swifter-ExampleUITests */,
			);
		};
/* End PBXProject section */

/* Begin PBXResourcesBuildPhase section */
		57F4B12620F93BEC00AC53F7 /* Resources */ = {
			isa = PBXResourcesBuildPhase;
			buildActionMask = 2147483647;
			files = (
				57F4B13620F93BEF00AC53F7 /* LaunchScreen.storyboard in Resources */,
				57F4B13320F93BEF00AC53F7 /* Assets.xcassets in Resources */,
				57F4B13120F93BEC00AC53F7 /* Main.storyboard in Resources */,
			);
			runOnlyForDeploymentPostprocessing = 0;
		};
		57F4B13A20F93BEF00AC53F7 /* Resources */ = {
			isa = PBXResourcesBuildPhase;
			buildActionMask = 2147483647;
			files = (
			);
			runOnlyForDeploymentPostprocessing = 0;
		};
		57F4B14520F93BEF00AC53F7 /* Resources */ = {
			isa = PBXResourcesBuildPhase;
			buildActionMask = 2147483647;
			files = (
			);
			runOnlyForDeploymentPostprocessing = 0;
		};
/* End PBXResourcesBuildPhase section */

/* Begin PBXShellScriptBuildPhase section */
		5739707A20FD35C000E4C1B9 /* Carthage Run Script */ = {
			isa = PBXShellScriptBuildPhase;
			buildActionMask = 2147483647;
			files = (
			);
			inputPaths = (
				"$(SRCROOT)/Carthage/Build/iOS/Swifter.framework",
			);
			name = "Carthage Run Script";
			outputPaths = (
				"$(BUILT_PRODUCTS_DIR)/$(FRAMEWORKS_FOLDER_PATH)/Swifter.framework",
			);
			runOnlyForDeploymentPostprocessing = 0;
			shellPath = /bin/sh;
			shellScript = "/usr/local/bin/carthage copy-frameworks";
		};
		57F4B15C20F93DA200AC53F7 /* Carthage Run Script */ = {
			isa = PBXShellScriptBuildPhase;
			buildActionMask = 2147483647;
			files = (
			);
			inputPaths = (
				"$(SRCROOT)/Carthage/Build/iOS/Swifter.framework",
			);
			name = "Carthage Run Script";
			outputPaths = (
				"$(BUILT_PRODUCTS_DIR)/$(FRAMEWORKS_FOLDER_PATH)/Swifter.framework",
			);
			runOnlyForDeploymentPostprocessing = 0;
			shellPath = /bin/sh;
			shellScript = "/usr/local/bin/carthage copy-frameworks";
		};
/* End PBXShellScriptBuildPhase section */

/* Begin PBXSourcesBuildPhase section */
		57F4B12420F93BEC00AC53F7 /* Sources */ = {
			isa = PBXSourcesBuildPhase;
			buildActionMask = 2147483647;
			files = (
				5739707620FD200700E4C1B9 /* PersonRepository.swift in Sources */,
				57F4B12E20F93BEC00AC53F7 /* ViewController.swift in Sources */,
				5739707420FCEA1300E4C1B9 /* PersonCell.swift in Sources */,
				5783535E20FE459500483AC4 /* DynamicStubs.swift in Sources */,
				57F4B12C20F93BEC00AC53F7 /* AppDelegate.swift in Sources */,
				5739706D20FCDD9C00E4C1B9 /* Person.swift in Sources */,
				5739706B20FCDBCC00E4C1B9 /* URLSettings.swift in Sources */,
				5739707720FD246A00E4C1B9 /* PersonStubbedJSON.swift in Sources */,
			);
			runOnlyForDeploymentPostprocessing = 0;
		};
		57F4B13820F93BEF00AC53F7 /* Sources */ = {
			isa = PBXSourcesBuildPhase;
			buildActionMask = 2147483647;
			files = (
				5739706F20FCDDE700E4C1B9 /* PersonStubbedJSON.swift in Sources */,
				5739707220FCE0E900E4C1B9 /* Person.swift in Sources */,
				57DA47A120FD8B830016E679 /* PersonFromJsonTest.swift in Sources */,
			);
			runOnlyForDeploymentPostprocessing = 0;
		};
		57F4B14320F93BEF00AC53F7 /* Sources */ = {
			isa = PBXSourcesBuildPhase;
			buildActionMask = 2147483647;
			files = (
				5783536120FE46F900483AC4 /* ViewControllerTests.swift in Sources */,
				5783536220FE478400483AC4 /* PersonStubbedJSON.swift in Sources */,
				5783535F20FE459500483AC4 /* DynamicStubs.swift in Sources */,
			);
			runOnlyForDeploymentPostprocessing = 0;
		};
/* End PBXSourcesBuildPhase section */

/* Begin PBXTargetDependency section */
		57F4B13E20F93BEF00AC53F7 /* PBXTargetDependency */ = {
			isa = PBXTargetDependency;
			target = 57F4B12720F93BEC00AC53F7 /* Swifter-Example */;
			targetProxy = 57F4B13D20F93BEF00AC53F7 /* PBXContainerItemProxy */;
		};
		57F4B14920F93BEF00AC53F7 /* PBXTargetDependency */ = {
			isa = PBXTargetDependency;
			target = 57F4B12720F93BEC00AC53F7 /* Swifter-Example */;
			targetProxy = 57F4B14820F93BEF00AC53F7 /* PBXContainerItemProxy */;
		};
/* End PBXTargetDependency section */

/* Begin PBXVariantGroup section */
		57F4B12F20F93BEC00AC53F7 /* Main.storyboard */ = {
			isa = PBXVariantGroup;
			children = (
				57F4B13020F93BEC00AC53F7 /* Base */,
			);
			name = Main.storyboard;
			sourceTree = "<group>";
		};
		57F4B13420F93BEF00AC53F7 /* LaunchScreen.storyboard */ = {
			isa = PBXVariantGroup;
			children = (
				57F4B13520F93BEF00AC53F7 /* Base */,
			);
			name = LaunchScreen.storyboard;
			sourceTree = "<group>";
		};
/* End PBXVariantGroup section */

/* Begin XCBuildConfiguration section */
		57F4B14E20F93BEF00AC53F7 /* Debug */ = {
			isa = XCBuildConfiguration;
			buildSettings = {
				ALWAYS_SEARCH_USER_PATHS = NO;
				CLANG_ANALYZER_NONNULL = YES;
				CLANG_ANALYZER_NUMBER_OBJECT_CONVERSION = YES_AGGRESSIVE;
				CLANG_CXX_LANGUAGE_STANDARD = "gnu++14";
				CLANG_CXX_LIBRARY = "libc++";
				CLANG_ENABLE_MODULES = YES;
				CLANG_ENABLE_OBJC_ARC = YES;
				CLANG_ENABLE_OBJC_WEAK = YES;
				CLANG_WARN_BLOCK_CAPTURE_AUTORELEASING = YES;
				CLANG_WARN_BOOL_CONVERSION = YES;
				CLANG_WARN_COMMA = YES;
				CLANG_WARN_CONSTANT_CONVERSION = YES;
				CLANG_WARN_DEPRECATED_OBJC_IMPLEMENTATIONS = YES;
				CLANG_WARN_DIRECT_OBJC_ISA_USAGE = YES_ERROR;
				CLANG_WARN_DOCUMENTATION_COMMENTS = YES;
				CLANG_WARN_EMPTY_BODY = YES;
				CLANG_WARN_ENUM_CONVERSION = YES;
				CLANG_WARN_INFINITE_RECURSION = YES;
				CLANG_WARN_INT_CONVERSION = YES;
				CLANG_WARN_NON_LITERAL_NULL_CONVERSION = YES;
				CLANG_WARN_OBJC_IMPLICIT_RETAIN_SELF = YES;
				CLANG_WARN_OBJC_LITERAL_CONVERSION = YES;
				CLANG_WARN_OBJC_ROOT_CLASS = YES_ERROR;
				CLANG_WARN_RANGE_LOOP_ANALYSIS = YES;
				CLANG_WARN_STRICT_PROTOTYPES = YES;
				CLANG_WARN_SUSPICIOUS_MOVE = YES;
				CLANG_WARN_UNGUARDED_AVAILABILITY = YES_AGGRESSIVE;
				CLANG_WARN_UNREACHABLE_CODE = YES;
				CLANG_WARN__DUPLICATE_METHOD_MATCH = YES;
				CODE_SIGN_IDENTITY = "iPhone Developer";
				COPY_PHASE_STRIP = NO;
				DEBUG_INFORMATION_FORMAT = dwarf;
				ENABLE_STRICT_OBJC_MSGSEND = YES;
				ENABLE_TESTABILITY = YES;
				GCC_C_LANGUAGE_STANDARD = gnu11;
				GCC_DYNAMIC_NO_PIC = NO;
				GCC_NO_COMMON_BLOCKS = YES;
				GCC_OPTIMIZATION_LEVEL = 0;
				GCC_PREPROCESSOR_DEFINITIONS = (
					"DEBUG=1",
					"$(inherited)",
				);
				GCC_WARN_64_TO_32_BIT_CONVERSION = YES;
				GCC_WARN_ABOUT_RETURN_TYPE = YES_ERROR;
				GCC_WARN_UNDECLARED_SELECTOR = YES;
				GCC_WARN_UNINITIALIZED_AUTOS = YES_AGGRESSIVE;
				GCC_WARN_UNUSED_FUNCTION = YES;
				GCC_WARN_UNUSED_VARIABLE = YES;
				IPHONEOS_DEPLOYMENT_TARGET = 11.4;
				MTL_ENABLE_DEBUG_INFO = YES;
				ONLY_ACTIVE_ARCH = YES;
				SDKROOT = iphoneos;
				SWIFT_ACTIVE_COMPILATION_CONDITIONS = DEBUG;
				SWIFT_OPTIMIZATION_LEVEL = "-Onone";
			};
			name = Debug;
		};
		57F4B14F20F93BEF00AC53F7 /* Release */ = {
			isa = XCBuildConfiguration;
			buildSettings = {
				ALWAYS_SEARCH_USER_PATHS = NO;
				CLANG_ANALYZER_NONNULL = YES;
				CLANG_ANALYZER_NUMBER_OBJECT_CONVERSION = YES_AGGRESSIVE;
				CLANG_CXX_LANGUAGE_STANDARD = "gnu++14";
				CLANG_CXX_LIBRARY = "libc++";
				CLANG_ENABLE_MODULES = YES;
				CLANG_ENABLE_OBJC_ARC = YES;
				CLANG_ENABLE_OBJC_WEAK = YES;
				CLANG_WARN_BLOCK_CAPTURE_AUTORELEASING = YES;
				CLANG_WARN_BOOL_CONVERSION = YES;
				CLANG_WARN_COMMA = YES;
				CLANG_WARN_CONSTANT_CONVERSION = YES;
				CLANG_WARN_DEPRECATED_OBJC_IMPLEMENTATIONS = YES;
				CLANG_WARN_DIRECT_OBJC_ISA_USAGE = YES_ERROR;
				CLANG_WARN_DOCUMENTATION_COMMENTS = YES;
				CLANG_WARN_EMPTY_BODY = YES;
				CLANG_WARN_ENUM_CONVERSION = YES;
				CLANG_WARN_INFINITE_RECURSION = YES;
				CLANG_WARN_INT_CONVERSION = YES;
				CLANG_WARN_NON_LITERAL_NULL_CONVERSION = YES;
				CLANG_WARN_OBJC_IMPLICIT_RETAIN_SELF = YES;
				CLANG_WARN_OBJC_LITERAL_CONVERSION = YES;
				CLANG_WARN_OBJC_ROOT_CLASS = YES_ERROR;
				CLANG_WARN_RANGE_LOOP_ANALYSIS = YES;
				CLANG_WARN_STRICT_PROTOTYPES = YES;
				CLANG_WARN_SUSPICIOUS_MOVE = YES;
				CLANG_WARN_UNGUARDED_AVAILABILITY = YES_AGGRESSIVE;
				CLANG_WARN_UNREACHABLE_CODE = YES;
				CLANG_WARN__DUPLICATE_METHOD_MATCH = YES;
				CODE_SIGN_IDENTITY = "iPhone Developer";
				COPY_PHASE_STRIP = NO;
				DEBUG_INFORMATION_FORMAT = "dwarf-with-dsym";
				ENABLE_NS_ASSERTIONS = NO;
				ENABLE_STRICT_OBJC_MSGSEND = YES;
				GCC_C_LANGUAGE_STANDARD = gnu11;
				GCC_NO_COMMON_BLOCKS = YES;
				GCC_WARN_64_TO_32_BIT_CONVERSION = YES;
				GCC_WARN_ABOUT_RETURN_TYPE = YES_ERROR;
				GCC_WARN_UNDECLARED_SELECTOR = YES;
				GCC_WARN_UNINITIALIZED_AUTOS = YES_AGGRESSIVE;
				GCC_WARN_UNUSED_FUNCTION = YES;
				GCC_WARN_UNUSED_VARIABLE = YES;
				IPHONEOS_DEPLOYMENT_TARGET = 11.4;
				MTL_ENABLE_DEBUG_INFO = NO;
				SDKROOT = iphoneos;
				SWIFT_COMPILATION_MODE = wholemodule;
				SWIFT_OPTIMIZATION_LEVEL = "-O";
				VALIDATE_PRODUCT = YES;
			};
			name = Release;
		};
		57F4B15120F93BEF00AC53F7 /* Debug */ = {
			isa = XCBuildConfiguration;
			buildSettings = {
				ASSETCATALOG_COMPILER_APPICON_NAME = AppIcon;
				CODE_SIGN_STYLE = Automatic;
				DEVELOPMENT_TEAM = 3MXD5J8GME;
				FRAMEWORK_SEARCH_PATHS = (
					"$(inherited)",
					"$(PROJECT_DIR)/Carthage/Build/iOS",
				);
				INFOPLIST_FILE = "$(SRCROOT)/Swifter-Example/Info.plist";
				LD_RUNPATH_SEARCH_PATHS = (
					"$(inherited)",
					"@executable_path/Frameworks",
				);
				PRODUCT_BUNDLE_IDENTIFIER = com.collectiveidea.Swifter;
				PRODUCT_NAME = "$(TARGET_NAME)";
				SWIFT_VERSION = 4.0;
				TARGETED_DEVICE_FAMILY = "1,2";
			};
			name = Debug;
		};
		57F4B15220F93BEF00AC53F7 /* Release */ = {
			isa = XCBuildConfiguration;
			buildSettings = {
				ASSETCATALOG_COMPILER_APPICON_NAME = AppIcon;
				CODE_SIGN_STYLE = Automatic;
				DEVELOPMENT_TEAM = 3MXD5J8GME;
				FRAMEWORK_SEARCH_PATHS = (
					"$(inherited)",
					"$(PROJECT_DIR)/Carthage/Build/iOS",
				);
				INFOPLIST_FILE = "$(SRCROOT)/Swifter-Example/Info.plist";
				LD_RUNPATH_SEARCH_PATHS = (
					"$(inherited)",
					"@executable_path/Frameworks",
				);
				PRODUCT_BUNDLE_IDENTIFIER = com.collectiveidea.Swifter;
				PRODUCT_NAME = "$(TARGET_NAME)";
				SWIFT_VERSION = 4.0;
				TARGETED_DEVICE_FAMILY = "1,2";
			};
			name = Release;
		};
		57F4B15420F93BEF00AC53F7 /* Debug */ = {
			isa = XCBuildConfiguration;
			buildSettings = {
				ALWAYS_EMBED_SWIFT_STANDARD_LIBRARIES = YES;
				CODE_SIGN_STYLE = Automatic;
				DEVELOPMENT_TEAM = 3MXD5J8GME;
				INFOPLIST_FILE = "Swifter-ExampleTests/Info.plist";
				LD_RUNPATH_SEARCH_PATHS = (
					"$(inherited)",
					"@executable_path/Frameworks",
					"@loader_path/Frameworks",
				);
				PRODUCT_BUNDLE_IDENTIFIER = com.collectiveidea.SwifterTests;
				PRODUCT_NAME = "$(TARGET_NAME)";
				SWIFT_VERSION = 4.0;
				TARGETED_DEVICE_FAMILY = "1,2";
				TEST_HOST = "$(BUILT_PRODUCTS_DIR)/Swifter-Example.app/Swifter-Example";
			};
			name = Debug;
		};
		57F4B15520F93BEF00AC53F7 /* Release */ = {
			isa = XCBuildConfiguration;
			buildSettings = {
				ALWAYS_EMBED_SWIFT_STANDARD_LIBRARIES = YES;
				CODE_SIGN_STYLE = Automatic;
				DEVELOPMENT_TEAM = 3MXD5J8GME;
				INFOPLIST_FILE = "Swifter-ExampleTests/Info.plist";
				LD_RUNPATH_SEARCH_PATHS = (
					"$(inherited)",
					"@executable_path/Frameworks",
					"@loader_path/Frameworks",
				);
				PRODUCT_BUNDLE_IDENTIFIER = com.collectiveidea.SwifterTests;
				PRODUCT_NAME = "$(TARGET_NAME)";
				SWIFT_VERSION = 4.0;
				TARGETED_DEVICE_FAMILY = "1,2";
				TEST_HOST = "$(BUILT_PRODUCTS_DIR)/Swifter-Example.app/Swifter-Example";
			};
			name = Release;
		};
		57F4B15720F93BEF00AC53F7 /* Debug */ = {
			isa = XCBuildConfiguration;
			buildSettings = {
				ALWAYS_EMBED_SWIFT_STANDARD_LIBRARIES = YES;
				CLANG_ENABLE_MODULES = YES;
				CODE_SIGN_STYLE = Automatic;
				DEVELOPMENT_TEAM = 3MXD5J8GME;
				FRAMEWORK_SEARCH_PATHS = (
					"$(inherited)",
					"$(PROJECT_DIR)/Carthage/Build/iOS",
				);
				INFOPLIST_FILE = "Swifter-ExampleUITests/Info.plist";
				LD_RUNPATH_SEARCH_PATHS = (
					"$(inherited)",
					"@executable_path/Frameworks",
					"@loader_path/Frameworks",
				);
				PRODUCT_BUNDLE_IDENTIFIER = com.collectiveidea.SwifterUITests;
				PRODUCT_NAME = "$(TARGET_NAME)";
				PROVISIONING_PROFILE = "";
				SWIFT_OPTIMIZATION_LEVEL = "-Onone";
				SWIFT_VERSION = 4.0;
				TARGETED_DEVICE_FAMILY = "1,2";
				TEST_TARGET_NAME = "Swifter-Example";
			};
			name = Debug;
		};
		57F4B15820F93BEF00AC53F7 /* Release */ = {
			isa = XCBuildConfiguration;
			buildSettings = {
				ALWAYS_EMBED_SWIFT_STANDARD_LIBRARIES = YES;
				CLANG_ENABLE_MODULES = YES;
				CODE_SIGN_STYLE = Automatic;
				DEVELOPMENT_TEAM = 3MXD5J8GME;
				FRAMEWORK_SEARCH_PATHS = (
					"$(inherited)",
					"$(PROJECT_DIR)/Carthage/Build/iOS",
				);
				INFOPLIST_FILE = "Swifter-ExampleUITests/Info.plist";
				LD_RUNPATH_SEARCH_PATHS = (
					"$(inherited)",
					"@executable_path/Frameworks",
					"@loader_path/Frameworks",
				);
				PRODUCT_BUNDLE_IDENTIFIER = com.collectiveidea.SwifterUITests;
				PRODUCT_NAME = "$(TARGET_NAME)";
				PROVISIONING_PROFILE = "";
				SWIFT_VERSION = 4.0;
				TARGETED_DEVICE_FAMILY = "1,2";
				TEST_TARGET_NAME = "Swifter-Example";
			};
			name = Release;
		};
/* End XCBuildConfiguration section */

/* Begin XCConfigurationList section */
		57F4B12320F93BEC00AC53F7 /* Build configuration list for PBXProject "Swifter-Example" */ = {
			isa = XCConfigurationList;
			buildConfigurations = (
				57F4B14E20F93BEF00AC53F7 /* Debug */,
				57F4B14F20F93BEF00AC53F7 /* Release */,
			);
			defaultConfigurationIsVisible = 0;
			defaultConfigurationName = Release;
		};
		57F4B15020F93BEF00AC53F7 /* Build configuration list for PBXNativeTarget "Swifter-Example" */ = {
			isa = XCConfigurationList;
			buildConfigurations = (
				57F4B15120F93BEF00AC53F7 /* Debug */,
				57F4B15220F93BEF00AC53F7 /* Release */,
			);
			defaultConfigurationIsVisible = 0;
			defaultConfigurationName = Release;
		};
		57F4B15320F93BEF00AC53F7 /* Build configuration list for PBXNativeTarget "Swifter-ExampleTests" */ = {
			isa = XCConfigurationList;
			buildConfigurations = (
				57F4B15420F93BEF00AC53F7 /* Debug */,
				57F4B15520F93BEF00AC53F7 /* Release */,
			);
			defaultConfigurationIsVisible = 0;
			defaultConfigurationName = Release;
		};
		57F4B15620F93BEF00AC53F7 /* Build configuration list for PBXNativeTarget "Swifter-ExampleUITests" */ = {
			isa = XCConfigurationList;
			buildConfigurations = (
				57F4B15720F93BEF00AC53F7 /* Debug */,
				57F4B15820F93BEF00AC53F7 /* Release */,
			);
			defaultConfigurationIsVisible = 0;
			defaultConfigurationName = Release;
		};
/* End XCConfigurationList section */
	};
	rootObject = 57F4B12020F93BEC00AC53F7 /* Project object */;
}
